// !$*UTF8*$!
{
	archiveVersion = 1;
	classes = {
	};
	objectVersion = 46;
	objects = {

/* Begin PBXBuildFile section */
		0546F8771F78E61D007968EA /* main.m in Sources */ = {isa = PBXBuildFile; fileRef = 0546F8761F78E61D007968EA /* main.m */; };
		0546F87A1F78E61D007968EA /* AppDelegate.m in Sources */ = {isa = PBXBuildFile; fileRef = 0546F8791F78E61D007968EA /* AppDelegate.m */; };
		0546F87D1F78E61D007968EA /* ViewController.m in Sources */ = {isa = PBXBuildFile; fileRef = 0546F87C1F78E61D007968EA /* ViewController.m */; };
		0546F8801F78E61D007968EA /* Main.storyboard in Resources */ = {isa = PBXBuildFile; fileRef = 0546F87E1F78E61D007968EA /* Main.storyboard */; };
		0546F8821F78E61D007968EA /* Assets.xcassets in Resources */ = {isa = PBXBuildFile; fileRef = 0546F8811F78E61D007968EA /* Assets.xcassets */; };
		0546F8851F78E61D007968EA /* LaunchScreen.storyboard in Resources */ = {isa = PBXBuildFile; fileRef = 0546F8831F78E61D007968EA /* LaunchScreen.storyboard */; };
		0546F8901F78E61D007968EA /* Cocapods__Tests.m in Sources */ = {isa = PBXBuildFile; fileRef = 0546F88F1F78E61D007968EA /* Cocapods__Tests.m */; };
		0546F89B1F78E61D007968EA /* Cocapods__UITests.m in Sources */ = {isa = PBXBuildFile; fileRef = 0546F89A1F78E61D007968EA /* Cocapods__UITests.m */; };
/* End PBXBuildFile section */

/* Begin PBXContainerItemProxy section */
		0546F88C1F78E61D007968EA /* PBXContainerItemProxy */ = {
			isa = PBXContainerItemProxy;
			containerPortal = 0546F86A1F78E61D007968EA /* Project object */;
			proxyType = 1;
			remoteGlobalIDString = 0546F8711F78E61D007968EA;
			remoteInfo = "Cocapods测试";
		};
		0546F8971F78E61D007968EA /* PBXContainerItemProxy */ = {
			isa = PBXContainerItemProxy;
			containerPortal = 0546F86A1F78E61D007968EA /* Project object */;
			proxyType = 1;
			remoteGlobalIDString = 0546F8711F78E61D007968EA;
			remoteInfo = "Cocapods测试";
		};
/* End PBXContainerItemProxy section */

/* Begin PBXFileReference section */
		0546F8721F78E61D007968EA /* Cocapods测试.app */ = {isa = PBXFileReference; explicitFileType = wrapper.application; includeInIndex = 0; path = "Cocapods测试.app"; sourceTree = BUILT_PRODUCTS_DIR; };
		0546F8761F78E61D007968EA /* main.m */ = {isa = PBXFileReference; lastKnownFileType = sourcecode.c.objc; path = main.m; sourceTree = "<group>"; };
		0546F8781F78E61D007968EA /* AppDelegate.h */ = {isa = PBXFileReference; lastKnownFileType = sourcecode.c.h; path = AppDelegate.h; sourceTree = "<group>"; };
		0546F8791F78E61D007968EA /* AppDelegate.m */ = {isa = PBXFileReference; lastKnownFileType = sourcecode.c.objc; path = AppDelegate.m; sourceTree = "<group>"; };
		0546F87B1F78E61D007968EA /* ViewController.h */ = {isa = PBXFileReference; lastKnownFileType = sourcecode.c.h; path = ViewController.h; sourceTree = "<group>"; };
		0546F87C1F78E61D007968EA /* ViewController.m */ = {isa = PBXFileReference; lastKnownFileType = sourcecode.c.objc; path = ViewController.m; sourceTree = "<group>"; };
		0546F87F1F78E61D007968EA /* Base */ = {isa = PBXFileReference; lastKnownFileType = file.storyboard; name = Base; path = Base.lproj/Main.storyboard; sourceTree = "<group>"; };
		0546F8811F78E61D007968EA /* Assets.xcassets */ = {isa = PBXFileReference; lastKnownFileType = folder.assetcatalog; path = Assets.xcassets; sourceTree = "<group>"; };
		0546F8841F78E61D007968EA /* Base */ = {isa = PBXFileReference; lastKnownFileType = file.storyboard; name = Base; path = Base.lproj/LaunchScreen.storyboard; sourceTree = "<group>"; };
		0546F8861F78E61D007968EA /* Info.plist */ = {isa = PBXFileReference; lastKnownFileType = text.plist.xml; path = Info.plist; sourceTree = "<group>"; };
		0546F88B1F78E61D007968EA /* Cocapods测试Tests.xctest */ = {isa = PBXFileReference; explicitFileType = wrapper.cfbundle; includeInIndex = 0; path = "Cocapods测试Tests.xctest"; sourceTree = BUILT_PRODUCTS_DIR; };
		0546F88F1F78E61D007968EA /* Cocapods__Tests.m */ = {isa = PBXFileReference; lastKnownFileType = sourcecode.c.objc; path = Cocapods__Tests.m; sourceTree = "<group>"; };
		0546F8911F78E61D007968EA /* Info.plist */ = {isa = PBXFileReference; lastKnownFileType = text.plist.xml; path = Info.plist; sourceTree = "<group>"; };
		0546F8961F78E61D007968EA /* Cocapods测试UITests.xctest */ = {isa = PBXFileReference; explicitFileType = wrapper.cfbundle; includeInIndex = 0; path = "Cocapods测试UITests.xctest"; sourceTree = BUILT_PRODUCTS_DIR; };
		0546F89A1F78E61D007968EA /* Cocapods__UITests.m */ = {isa = PBXFileReference; lastKnownFileType = sourcecode.c.objc; path = Cocapods__UITests.m; sourceTree = "<group>"; };
		0546F89C1F78E61D007968EA /* Info.plist */ = {isa = PBXFileReference; lastKnownFileType = text.plist.xml; path = Info.plist; sourceTree = "<group>"; };
/* End PBXFileReference section */

/* Begin PBXFrameworksBuildPhase section */
		0546F86F1F78E61D007968EA /* Frameworks */ = {
			isa = PBXFrameworksBuildPhase;
			buildActionMask = 2147483647;
			files = (
			);
			runOnlyForDeploymentPostprocessing = 0;
		};
		0546F8881F78E61D007968EA /* Frameworks */ = {
			isa = PBXFrameworksBuildPhase;
			buildActionMask = 2147483647;
			files = (
			);
			runOnlyForDeploymentPostprocessing = 0;
		};
		0546F8931F78E61D007968EA /* Frameworks */ = {
			isa = PBXFrameworksBuildPhase;
			buildActionMask = 2147483647;
			files = (
			);
			runOnlyForDeploymentPostprocessing = 0;
		};
/* End PBXFrameworksBuildPhase section */

/* Begin PBXGroup section */
		0546F8691F78E61D007968EA = {
			isa = PBXGroup;
			children = (
				0546F8741F78E61D007968EA /* Cocapods测试 */,
				0546F88E1F78E61D007968EA /* Cocapods测试Tests */,
				0546F8991F78E61D007968EA /* Cocapods测试UITests */,
				0546F8731F78E61D007968EA /* Products */,
			);
			sourceTree = "<group>";
		};
		0546F8731F78E61D007968EA /* Products */ = {
			isa = PBXGroup;
			children = (
				0546F8721F78E61D007968EA /* Cocapods测试.app */,
				0546F88B1F78E61D007968EA /* Cocapods测试Tests.xctest */,
				0546F8961F78E61D007968EA /* Cocapods测试UITests.xctest */,
			);
			name = Products;
			sourceTree = "<group>";
		};
		0546F8741F78E61D007968EA /* Cocapods测试 */ = {
			isa = PBXGroup;
			children = (
				0546F8781F78E61D007968EA /* AppDelegate.h */,
				0546F8791F78E61D007968EA /* AppDelegate.m */,
				0546F87B1F78E61D007968EA /* ViewController.h */,
				0546F87C1F78E61D007968EA /* ViewController.m */,
				0546F87E1F78E61D007968EA /* Main.storyboard */,
				0546F8811F78E61D007968EA /* Assets.xcassets */,
				0546F8831F78E61D007968EA /* LaunchScreen.storyboard */,
				0546F8861F78E61D007968EA /* Info.plist */,
				0546F8751F78E61D007968EA /* Supporting Files */,
			);
			path = "Cocapods测试";
			sourceTree = "<group>";
		};
		0546F8751F78E61D007968EA /* Supporting Files */ = {
			isa = PBXGroup;
			children = (
				0546F8761F78E61D007968EA /* main.m */,
			);
			name = "Supporting Files";
			sourceTree = "<group>";
		};
		0546F88E1F78E61D007968EA /* Cocapods测试Tests */ = {
			isa = PBXGroup;
			children = (
				0546F88F1F78E61D007968EA /* Cocapods__Tests.m */,
				0546F8911F78E61D007968EA /* Info.plist */,
			);
			path = "Cocapods测试Tests";
			sourceTree = "<group>";
		};
		0546F8991F78E61D007968EA /* Cocapods测试UITests */ = {
			isa = PBXGroup;
			children = (
				0546F89A1F78E61D007968EA /* Cocapods__UITests.m */,
				0546F89C1F78E61D007968EA /* Info.plist */,
			);
			path = "Cocapods测试UITests";
			sourceTree = "<group>";
		};
/* End PBXGroup section */

/* Begin PBXNativeTarget section */
		0546F8711F78E61D007968EA /* Cocapods测试 */ = {
			isa = PBXNativeTarget;
			buildConfigurationList = 0546F89F1F78E61D007968EA /* Build configuration list for PBXNativeTarget "Cocapods测试" */;
			buildPhases = (
				0546F86E1F78E61D007968EA /* Sources */,
				0546F86F1F78E61D007968EA /* Frameworks */,
				0546F8701F78E61D007968EA /* Resources */,
			);
			buildRules = (
			);
			dependencies = (
			);
			name = "Cocapods测试";
			productName = "Cocapods测试";
			productReference = 0546F8721F78E61D007968EA /* Cocapods测试.app */;
			productType = "com.apple.product-type.application";
		};
		0546F88A1F78E61D007968EA /* Cocapods测试Tests */ = {
			isa = PBXNativeTarget;
			buildConfigurationList = 0546F8A21F78E61D007968EA /* Build configuration list for PBXNativeTarget "Cocapods测试Tests" */;
			buildPhases = (
				0546F8871F78E61D007968EA /* Sources */,
				0546F8881F78E61D007968EA /* Frameworks */,
				0546F8891F78E61D007968EA /* Resources */,
			);
			buildRules = (
			);
			dependencies = (
				0546F88D1F78E61D007968EA /* PBXTargetDependency */,
			);
			name = "Cocapods测试Tests";
			productName = "Cocapods测试Tests";
			productReference = 0546F88B1F78E61D007968EA /* Cocapods测试Tests.xctest */;
			productType = "com.apple.product-type.bundle.unit-test";
		};
		0546F8951F78E61D007968EA /* Cocapods测试UITests */ = {
			isa = PBXNativeTarget;
			buildConfigurationList = 0546F8A51F78E61D007968EA /* Build configuration list for PBXNativeTarget "Cocapods测试UITests" */;
			buildPhases = (
				0546F8921F78E61D007968EA /* Sources */,
				0546F8931F78E61D007968EA /* Frameworks */,
				0546F8941F78E61D007968EA /* Resources */,
			);
			buildRules = (
			);
			dependencies = (
				0546F8981F78E61D007968EA /* PBXTargetDependency */,
			);
			name = "Cocapods测试UITests";
			productName = "Cocapods测试UITests";
			productReference = 0546F8961F78E61D007968EA /* Cocapods测试UITests.xctest */;
			productType = "com.apple.product-type.bundle.ui-testing";
		};
/* End PBXNativeTarget section */

/* Begin PBXProject section */
		0546F86A1F78E61D007968EA /* Project object */ = {
			isa = PBXProject;
			attributes = {
				LastUpgradeCheck = 0830;
				ORGANIZATIONNAME = yunfu;
				TargetAttributes = {
					0546F8711F78E61D007968EA = {
						CreatedOnToolsVersion = 8.3.2;
						ProvisioningStyle = Automatic;
					};
					0546F88A1F78E61D007968EA = {
						CreatedOnToolsVersion = 8.3.2;
						ProvisioningStyle = Automatic;
						TestTargetID = 0546F8711F78E61D007968EA;
					};
					0546F8951F78E61D007968EA = {
						CreatedOnToolsVersion = 8.3.2;
						ProvisioningStyle = Automatic;
						TestTargetID = 0546F8711F78E61D007968EA;
					};
				};
			};
			buildConfigurationList = 0546F86D1F78E61D007968EA /* Build configuration list for PBXProject "Cocapods测试" */;
			compatibilityVersion = "Xcode 3.2";
			developmentRegion = English;
			hasScannedForEncodings = 0;
			knownRegions = (
				en,
				Base,
			);
			mainGroup = 0546F8691F78E61D007968EA;
			productRefGroup = 0546F8731F78E61D007968EA /* Products */;
			projectDirPath = "";
			projectRoot = "";
			targets = (
				0546F8711F78E61D007968EA /* Cocapods测试 */,
				0546F88A1F78E61D007968EA /* Cocapods测试Tests */,
				0546F8951F78E61D007968EA /* Cocapods测试UITests */,
			);
		};
/* End PBXProject section */

/* Begin PBXResourcesBuildPhase section */
		0546F8701F78E61D007968EA /* Resources */ = {
			isa = PBXResourcesBuildPhase;
			buildActionMask = 2147483647;
			files = (
				0546F8851F78E61D007968EA /* LaunchScreen.storyboard in Resources */,
				0546F8821F78E61D007968EA /* Assets.xcassets in Resources */,
				0546F8801F78E61D007968EA /* Main.storyboard in Resources */,
			);
			runOnlyForDeploymentPostprocessing = 0;
		};
		0546F8891F78E61D007968EA /* Resources */ = {
			isa = PBXResourcesBuildPhase;
			buildActionMask = 2147483647;
			files = (
			);
			runOnlyForDeploymentPostprocessing = 0;
		};
		0546F8941F78E61D007968EA /* Resources */ = {
			isa = PBXResourcesBuildPhase;
			buildActionMask = 2147483647;
			files = (
			);
			runOnlyForDeploymentPostprocessing = 0;
		};
/* End PBXResourcesBuildPhase section */

/* Begin PBXSourcesBuildPhase section */
		0546F86E1F78E61D007968EA /* Sources */ = {
			isa = PBXSourcesBuildPhase;
			buildActionMask = 2147483647;
			files = (
				0546F87D1F78E61D007968EA /* ViewController.m in Sources */,
				0546F87A1F78E61D007968EA /* AppDelegate.m in Sources */,
				0546F8771F78E61D007968EA /* main.m in Sources */,
			);
			runOnlyForDeploymentPostprocessing = 0;
		};
		0546F8871F78E61D007968EA /* Sources */ = {
			isa = PBXSourcesBuildPhase;
			buildActionMask = 2147483647;
			files = (
				0546F8901F78E61D007968EA /* Cocapods__Tests.m in Sources */,
			);
			runOnlyForDeploymentPostprocessing = 0;
		};
		0546F8921F78E61D007968EA /* Sources */ = {
			isa = PBXSourcesBuildPhase;
			buildActionMask = 2147483647;
			files = (
				0546F89B1F78E61D007968EA /* Cocapods__UITests.m in Sources */,
			);
			runOnlyForDeploymentPostprocessing = 0;
		};
/* End PBXSourcesBuildPhase section */

/* Begin PBXTargetDependency section */
		0546F88D1F78E61D007968EA /* PBXTargetDependency */ = {
			isa = PBXTargetDependency;
			target = 0546F8711F78E61D007968EA /* Cocapods测试 */;
			targetProxy = 0546F88C1F78E61D007968EA /* PBXContainerItemProxy */;
		};
		0546F8981F78E61D007968EA /* PBXTargetDependency */ = {
			isa = PBXTargetDependency;
			target = 0546F8711F78E61D007968EA /* Cocapods测试 */;
			targetProxy = 0546F8971F78E61D007968EA /* PBXContainerItemProxy */;
		};
/* End PBXTargetDependency section */

/* Begin PBXVariantGroup section */
		0546F87E1F78E61D007968EA /* Main.storyboard */ = {
			isa = PBXVariantGroup;
			children = (
				0546F87F1F78E61D007968EA /* Base */,
			);
			name = Main.storyboard;
			sourceTree = "<group>";
		};
		0546F8831F78E61D007968EA /* LaunchScreen.storyboard */ = {
			isa = PBXVariantGroup;
			children = (
				0546F8841F78E61D007968EA /* Base */,
			);
			name = LaunchScreen.storyboard;
			sourceTree = "<group>";
		};
/* End PBXVariantGroup section */

/* Begin XCBuildConfiguration section */
		0546F89D1F78E61D007968EA /* Debug */ = {
			isa = XCBuildConfiguration;
			buildSettings = {
				ALWAYS_SEARCH_USER_PATHS = NO;
				CLANG_ANALYZER_NONNULL = YES;
				CLANG_ANALYZER_NUMBER_OBJECT_CONVERSION = YES_AGGRESSIVE;
				CLANG_CXX_LANGUAGE_STANDARD = "gnu++0x";
				CLANG_CXX_LIBRARY = "libc++";
				CLANG_ENABLE_MODULES = YES;
				CLANG_ENABLE_OBJC_ARC = YES;
				CLANG_WARN_BOOL_CONVERSION = YES;
				CLANG_WARN_CONSTANT_CONVERSION = YES;
				CLANG_WARN_DIRECT_OBJC_ISA_USAGE = YES_ERROR;
				CLANG_WARN_DOCUMENTATION_COMMENTS = YES;
				CLANG_WARN_EMPTY_BODY = YES;
				CLANG_WARN_ENUM_CONVERSION = YES;
				CLANG_WARN_INFINITE_RECURSION = YES;
				CLANG_WARN_INT_CONVERSION = YES;
				CLANG_WARN_OBJC_ROOT_CLASS = YES_ERROR;
				CLANG_WARN_SUSPICIOUS_MOVE = YES;
				CLANG_WARN_UNREACHABLE_CODE = YES;
				CLANG_WARN__DUPLICATE_METHOD_MATCH = YES;
				"CODE_SIGN_IDENTITY[sdk=iphoneos*]" = "iPhone Developer";
				COPY_PHASE_STRIP = NO;
				DEBUG_INFORMATION_FORMAT = dwarf;
				ENABLE_STRICT_OBJC_MSGSEND = YES;
				ENABLE_TESTABILITY = YES;
				GCC_C_LANGUAGE_STANDARD = gnu99;
				GCC_DYNAMIC_NO_PIC = NO;
				GCC_NO_COMMON_BLOCKS = YES;
				GCC_OPTIMIZATION_LEVEL = 0;
				GCC_PREPROCESSOR_DEFINITIONS = (
					"DEBUG=1",
					"$(inherited)",
				);
				GCC_WARN_64_TO_32_BIT_CONVERSION = YES;
				GCC_WARN_ABOUT_RETURN_TYPE = YES_ERROR;
				GCC_WARN_UNDECLARED_SELECTOR = YES;
				GCC_WARN_UNINITIALIZED_AUTOS = YES_AGGRESSIVE;
				GCC_WARN_UNUSED_FUNCTION = YES;
				GCC_WARN_UNUSED_VARIABLE = YES;
				IPHONEOS_DEPLOYMENT_TARGET = 10.3;
				MTL_ENABLE_DEBUG_INFO = YES;
				ONLY_ACTIVE_ARCH = YES;
				SDKROOT = iphoneos;
			};
			name = Debug;
		};
		0546F89E1F78E61D007968EA /* Release */ = {
			isa = XCBuildConfiguration;
			buildSettings = {
				ALWAYS_SEARCH_USER_PATHS = NO;
				CLANG_ANALYZER_NONNULL = YES;
				CLANG_ANALYZER_NUMBER_OBJECT_CONVERSION = YES_AGGRESSIVE;
				CLANG_CXX_LANGUAGE_STANDARD = "gnu++0x";
				CLANG_CXX_LIBRARY = "libc++";
				CLANG_ENABLE_MODULES = YES;
				CLANG_ENABLE_OBJC_ARC = YES;
				CLANG_WARN_BOOL_CONVERSION = YES;
				CLANG_WARN_CONSTANT_CONVERSION = YES;
				CLANG_WARN_DIRECT_OBJC_ISA_USAGE = YES_ERROR;
				CLANG_WARN_DOCUMENTATION_COMMENTS = YES;
				CLANG_WARN_EMPTY_BODY = YES;
				CLANG_WARN_ENUM_CONVERSION = YES;
				CLANG_WARN_INFINITE_RECURSION = YES;
				CLANG_WARN_INT_CONVERSION = YES;
				CLANG_WARN_OBJC_ROOT_CLASS = YES_ERROR;
				CLANG_WARN_SUSPICIOUS_MOVE = YES;
				CLANG_WARN_UNREACHABLE_CODE = YES;
				CLANG_WARN__DUPLICATE_METHOD_MATCH = YES;
				"CODE_SIGN_IDENTITY[sdk=iphoneos*]" = "iPhone Developer";
				COPY_PHASE_STRIP = NO;
				DEBUG_INFORMATION_FORMAT = "dwarf-with-dsym";
				ENABLE_NS_ASSERTIONS = NO;
				ENABLE_STRICT_OBJC_MSGSEND = YES;
				GCC_C_LANGUAGE_STANDARD = gnu99;
				GCC_NO_COMMON_BLOCKS = YES;
				GCC_WARN_64_TO_32_BIT_CONVERSION = YES;
				GCC_WARN_ABOUT_RETURN_TYPE = YES_ERROR;
				GCC_WARN_UNDECLARED_SELECTOR = YES;
				GCC_WARN_UNINITIALIZED_AUTOS = YES_AGGRESSIVE;
				GCC_WARN_UNUSED_FUNCTION = YES;
				GCC_WARN_UNUSED_VARIABLE = YES;
				IPHONEOS_DEPLOYMENT_TARGET = 10.3;
				MTL_ENABLE_DEBUG_INFO = NO;
				SDKROOT = iphoneos;
				VALIDATE_PRODUCT = YES;
			};
			name = Release;
		};
		0546F8A01F78E61D007968EA /* Debug */ = {
			isa = XCBuildConfiguration;
			buildSettings = {
				ASSETCATALOG_COMPILER_APPICON_NAME = AppIcon;
				INFOPLIST_FILE = "Cocapods测试/Info.plist";
				LD_RUNPATH_SEARCH_PATHS = "$(inherited) @executable_path/Frameworks";
				PRODUCT_BUNDLE_IDENTIFIER = "com.yunfucloud.Cocapods--";
				PRODUCT_NAME = "$(TARGET_NAME)";
			};
			name = Debug;
		};
		0546F8A11F78E61D007968EA /* Release */ = {
			isa = XCBuildConfiguration;
			buildSettings = {
				ASSETCATALOG_COMPILER_APPICON_NAME = AppIcon;
				INFOPLIST_FILE = "Cocapods测试/Info.plist";
				LD_RUNPATH_SEARCH_PATHS = "$(inherited) @executable_path/Frameworks";
				PRODUCT_BUNDLE_IDENTIFIER = "com.yunfucloud.Cocapods--";
				PRODUCT_NAME = "$(TARGET_NAME)";
			};
			name = Release;
		};
		0546F8A31F78E61D007968EA /* Debug */ = {
			isa = XCBuildConfiguration;
			buildSettings = {
				BUNDLE_LOADER = "$(TEST_HOST)";
				INFOPLIST_FILE = "Cocapods测试Tests/Info.plist";
				LD_RUNPATH_SEARCH_PATHS = "$(inherited) @executable_path/Frameworks @loader_path/Frameworks";
				PRODUCT_BUNDLE_IDENTIFIER = "com.yunfucloud.Cocapods--Tests";
				PRODUCT_NAME = "$(TARGET_NAME)";
				TEST_HOST = "$(BUILT_PRODUCTS_DIR)/Cocapods测试.app/Cocapods测试";
			};
			name = Debug;
		};
		0546F8A41F78E61D007968EA /* Release */ = {
			isa = XCBuildConfiguration;
			buildSettings = {
				BUNDLE_LOADER = "$(TEST_HOST)";
				INFOPLIST_FILE = "Cocapods测试Tests/Info.plist";
				LD_RUNPATH_SEARCH_PATHS = "$(inherited) @executable_path/Frameworks @loader_path/Frameworks";
				PRODUCT_BUNDLE_IDENTIFIER = "com.yunfucloud.Cocapods--Tests";
				PRODUCT_NAME = "$(TARGET_NAME)";
				TEST_HOST = "$(BUILT_PRODUCTS_DIR)/Cocapods测试.app/Cocapods测试";
			};
			name = Release;
		};
		0546F8A61F78E61D007968EA /* Debug */ = {
			isa = XCBuildConfiguration;
			buildSettings = {
				INFOPLIST_FILE = "Cocapods测试UITests/Info.plist";
				LD_RUNPATH_SEARCH_PATHS = "$(inherited) @executable_path/Frameworks @loader_path/Frameworks";
				PRODUCT_BUNDLE_IDENTIFIER = "com.yunfucloud.Cocapods--UITests";
				PRODUCT_NAME = "$(TARGET_NAME)";
				TEST_TARGET_NAME = "Cocapods测试";
			};
			name = Debug;
		};
		0546F8A71F78E61D007968EA /* Release */ = {
			isa = XCBuildConfiguration;
			buildSettings = {
				INFOPLIST_FILE = "Cocapods测试UITests/Info.plist";
				LD_RUNPATH_SEARCH_PATHS = "$(inherited) @executable_path/Frameworks @loader_path/Frameworks";
				PRODUCT_BUNDLE_IDENTIFIER = "com.yunfucloud.Cocapods--UITests";
				PRODUCT_NAME = "$(TARGET_NAME)";
				TEST_TARGET_NAME = "Cocapods测试";
			};
			name = Release;
		};
/* End XCBuildConfiguration section */

/* Begin XCConfigurationList section */
		0546F86D1F78E61D007968EA /* Build configuration list for PBXProject "Cocapods测试" */ = {
			isa = XCConfigurationList;
			buildConfigurations = (
				0546F89D1F78E61D007968EA /* Debug */,
				0546F89E1F78E61D007968EA /* Release */,
			);
			defaultConfigurationIsVisible = 0;
			defaultConfigurationName = Release;
		};
		0546F89F1F78E61D007968EA /* Build configuration list for PBXNativeTarget "Cocapods测试" */ = {
			isa = XCConfigurationList;
			buildConfigurations = (
				0546F8A01F78E61D007968EA /* Debug */,
				0546F8A11F78E61D007968EA /* Release */,
			);
			defaultConfigurationIsVisible = 0;
		};
		0546F8A21F78E61D007968EA /* Build configuration list for PBXNativeTarget "Cocapods测试Tests" */ = {
			isa = XCConfigurationList;
			buildConfigurations = (
				0546F8A31F78E61D007968EA /* Debug */,
				0546F8A41F78E61D007968EA /* Release */,
			);
			defaultConfigurationIsVisible = 0;
		};
		0546F8A51F78E61D007968EA /* Build configuration list for PBXNativeTarget "Cocapods测试UITests" */ = {
			isa = XCConfigurationList;
			buildConfigurations = (
				0546F8A61F78E61D007968EA /* Debug */,
				0546F8A71F78E61D007968EA /* Release */,
			);
			defaultConfigurationIsVisible = 0;
		};
/* End XCConfigurationList section */
	};
	rootObject = 0546F86A1F78E61D007968EA /* Project object */;
}
