// !$*UTF8*$!
{
	archiveVersion = 1;
	classes = {
	};
	objectVersion = 48;
	objects = {

/* Begin PBXBuildFile section */
		05F27BD01FAAB9D100A47FE6 /* AppDelegate.m in Sources */ = {isa = PBXBuildFile; fileRef = 05F27BCF1FAAB9D100A47FE6 /* AppDelegate.m */; };
		05F27BD31FAAB9D100A47FE6 /* ViewController.m in Sources */ = {isa = PBXBuildFile; fileRef = 05F27BD21FAAB9D100A47FE6 /* ViewController.m */; };
		05F27BD61FAAB9D200A47FE6 /* Main.storyboard in Resources */ = {isa = PBXBuildFile; fileRef = 05F27BD41FAAB9D200A47FE6 /* Main.storyboard */; };
		05F27BD81FAAB9D200A47FE6 /* Assets.xcassets in Resources */ = {isa = PBXBuildFile; fileRef = 05F27BD71FAAB9D200A47FE6 /* Assets.xcassets */; };
		05F27BDB1FAAB9D200A47FE6 /* LaunchScreen.storyboard in Resources */ = {isa = PBXBuildFile; fileRef = 05F27BD91FAAB9D200A47FE6 /* LaunchScreen.storyboard */; };
		05F27BDE1FAAB9D200A47FE6 /* main.m in Sources */ = {isa = PBXBuildFile; fileRef = 05F27BDD1FAAB9D200A47FE6 /* main.m */; };
		05F27BE81FAAB9D200A47FE6 /* iPhone_X__DemoTests.m in Sources */ = {isa = PBXBuildFile; fileRef = 05F27BE71FAAB9D200A47FE6 /* iPhone_X__DemoTests.m */; };
		05F27BF31FAAB9D200A47FE6 /* iPhone_X__DemoUITests.m in Sources */ = {isa = PBXBuildFile; fileRef = 05F27BF21FAAB9D200A47FE6 /* iPhone_X__DemoUITests.m */; };
/* End PBXBuildFile section */

/* Begin PBXContainerItemProxy section */
		05F27BE41FAAB9D200A47FE6 /* PBXContainerItemProxy */ = {
			isa = PBXContainerItemProxy;
			containerPortal = 05F27BC31FAAB9D100A47FE6 /* Project object */;
			proxyType = 1;
			remoteGlobalIDString = 05F27BCA1FAAB9D100A47FE6;
			remoteInfo = "iPhone X适配Demo";
		};
		05F27BEF1FAAB9D200A47FE6 /* PBXContainerItemProxy */ = {
			isa = PBXContainerItemProxy;
			containerPortal = 05F27BC31FAAB9D100A47FE6 /* Project object */;
			proxyType = 1;
			remoteGlobalIDString = 05F27BCA1FAAB9D100A47FE6;
			remoteInfo = "iPhone X适配Demo";
		};
/* End PBXContainerItemProxy section */

/* Begin PBXFileReference section */
		05F27BCB1FAAB9D100A47FE6 /* iPhone X适配Demo.app */ = {isa = PBXFileReference; explicitFileType = wrapper.application; includeInIndex = 0; path = "iPhone X适配Demo.app"; sourceTree = BUILT_PRODUCTS_DIR; };
		05F27BCE1FAAB9D100A47FE6 /* AppDelegate.h */ = {isa = PBXFileReference; lastKnownFileType = sourcecode.c.h; path = AppDelegate.h; sourceTree = "<group>"; };
		05F27BCF1FAAB9D100A47FE6 /* AppDelegate.m */ = {isa = PBXFileReference; lastKnownFileType = sourcecode.c.objc; path = AppDelegate.m; sourceTree = "<group>"; };
		05F27BD11FAAB9D100A47FE6 /* ViewController.h */ = {isa = PBXFileReference; lastKnownFileType = sourcecode.c.h; path = ViewController.h; sourceTree = "<group>"; };
		05F27BD21FAAB9D100A47FE6 /* ViewController.m */ = {isa = PBXFileReference; lastKnownFileType = sourcecode.c.objc; path = ViewController.m; sourceTree = "<group>"; };
		05F27BD51FAAB9D200A47FE6 /* Base */ = {isa = PBXFileReference; lastKnownFileType = file.storyboard; name = Base; path = Base.lproj/Main.storyboard; sourceTree = "<group>"; };
		05F27BD71FAAB9D200A47FE6 /* Assets.xcassets */ = {isa = PBXFileReference; lastKnownFileType = folder.assetcatalog; path = Assets.xcassets; sourceTree = "<group>"; };
		05F27BDA1FAAB9D200A47FE6 /* Base */ = {isa = PBXFileReference; lastKnownFileType = file.storyboard; name = Base; path = Base.lproj/LaunchScreen.storyboard; sourceTree = "<group>"; };
		05F27BDC1FAAB9D200A47FE6 /* Info.plist */ = {isa = PBXFileReference; lastKnownFileType = text.plist.xml; path = Info.plist; sourceTree = "<group>"; };
		05F27BDD1FAAB9D200A47FE6 /* main.m */ = {isa = PBXFileReference; lastKnownFileType = sourcecode.c.objc; path = main.m; sourceTree = "<group>"; };
		05F27BE31FAAB9D200A47FE6 /* iPhone X适配DemoTests.xctest */ = {isa = PBXFileReference; explicitFileType = wrapper.cfbundle; includeInIndex = 0; path = "iPhone X适配DemoTests.xctest"; sourceTree = BUILT_PRODUCTS_DIR; };
		05F27BE71FAAB9D200A47FE6 /* iPhone_X__DemoTests.m */ = {isa = PBXFileReference; lastKnownFileType = sourcecode.c.objc; path = iPhone_X__DemoTests.m; sourceTree = "<group>"; };
		05F27BE91FAAB9D200A47FE6 /* Info.plist */ = {isa = PBXFileReference; lastKnownFileType = text.plist.xml; path = Info.plist; sourceTree = "<group>"; };
		05F27BEE1FAAB9D200A47FE6 /* iPhone X适配DemoUITests.xctest */ = {isa = PBXFileReference; explicitFileType = wrapper.cfbundle; includeInIndex = 0; path = "iPhone X适配DemoUITests.xctest"; sourceTree = BUILT_PRODUCTS_DIR; };
		05F27BF21FAAB9D200A47FE6 /* iPhone_X__DemoUITests.m */ = {isa = PBXFileReference; lastKnownFileType = sourcecode.c.objc; path = iPhone_X__DemoUITests.m; sourceTree = "<group>"; };
		05F27BF41FAAB9D200A47FE6 /* Info.plist */ = {isa = PBXFileReference; lastKnownFileType = text.plist.xml; path = Info.plist; sourceTree = "<group>"; };
/* End PBXFileReference section */

/* Begin PBXFrameworksBuildPhase section */
		05F27BC81FAAB9D100A47FE6 /* Frameworks */ = {
			isa = PBXFrameworksBuildPhase;
			buildActionMask = 2147483647;
			files = (
			);
			runOnlyForDeploymentPostprocessing = 0;
		};
		05F27BE01FAAB9D200A47FE6 /* Frameworks */ = {
			isa = PBXFrameworksBuildPhase;
			buildActionMask = 2147483647;
			files = (
			);
			runOnlyForDeploymentPostprocessing = 0;
		};
		05F27BEB1FAAB9D200A47FE6 /* Frameworks */ = {
			isa = PBXFrameworksBuildPhase;
			buildActionMask = 2147483647;
			files = (
			);
			runOnlyForDeploymentPostprocessing = 0;
		};
/* End PBXFrameworksBuildPhase section */

/* Begin PBXGroup section */
		05F27BC21FAAB9D100A47FE6 = {
			isa = PBXGroup;
			children = (
				05F27BCD1FAAB9D100A47FE6 /* iPhone X适配Demo */,
				05F27BE61FAAB9D200A47FE6 /* iPhone X适配DemoTests */,
				05F27BF11FAAB9D200A47FE6 /* iPhone X适配DemoUITests */,
				05F27BCC1FAAB9D100A47FE6 /* Products */,
			);
			sourceTree = "<group>";
		};
		05F27BCC1FAAB9D100A47FE6 /* Products */ = {
			isa = PBXGroup;
			children = (
				05F27BCB1FAAB9D100A47FE6 /* iPhone X适配Demo.app */,
				05F27BE31FAAB9D200A47FE6 /* iPhone X适配DemoTests.xctest */,
				05F27BEE1FAAB9D200A47FE6 /* iPhone X适配DemoUITests.xctest */,
			);
			name = Products;
			sourceTree = "<group>";
		};
		05F27BCD1FAAB9D100A47FE6 /* iPhone X适配Demo */ = {
			isa = PBXGroup;
			children = (
				05F27BCE1FAAB9D100A47FE6 /* AppDelegate.h */,
				05F27BCF1FAAB9D100A47FE6 /* AppDelegate.m */,
				05F27BD11FAAB9D100A47FE6 /* ViewController.h */,
				05F27BD21FAAB9D100A47FE6 /* ViewController.m */,
				05F27BD41FAAB9D200A47FE6 /* Main.storyboard */,
				05F27BD71FAAB9D200A47FE6 /* Assets.xcassets */,
				05F27BD91FAAB9D200A47FE6 /* LaunchScreen.storyboard */,
				05F27BDC1FAAB9D200A47FE6 /* Info.plist */,
				05F27BDD1FAAB9D200A47FE6 /* main.m */,
			);
			path = "iPhone X适配Demo";
			sourceTree = "<group>";
		};
		05F27BE61FAAB9D200A47FE6 /* iPhone X适配DemoTests */ = {
			isa = PBXGroup;
			children = (
				05F27BE71FAAB9D200A47FE6 /* iPhone_X__DemoTests.m */,
				05F27BE91FAAB9D200A47FE6 /* Info.plist */,
			);
			path = "iPhone X适配DemoTests";
			sourceTree = "<group>";
		};
		05F27BF11FAAB9D200A47FE6 /* iPhone X适配DemoUITests */ = {
			isa = PBXGroup;
			children = (
				05F27BF21FAAB9D200A47FE6 /* iPhone_X__DemoUITests.m */,
				05F27BF41FAAB9D200A47FE6 /* Info.plist */,
			);
			path = "iPhone X适配DemoUITests";
			sourceTree = "<group>";
		};
/* End PBXGroup section */

/* Begin PBXNativeTarget section */
		05F27BCA1FAAB9D100A47FE6 /* iPhone X适配Demo */ = {
			isa = PBXNativeTarget;
			buildConfigurationList = 05F27BF71FAAB9D200A47FE6 /* Build configuration list for PBXNativeTarget "iPhone X适配Demo" */;
			buildPhases = (
				05F27BC71FAAB9D100A47FE6 /* Sources */,
				05F27BC81FAAB9D100A47FE6 /* Frameworks */,
				05F27BC91FAAB9D100A47FE6 /* Resources */,
			);
			buildRules = (
			);
			dependencies = (
			);
			name = "iPhone X适配Demo";
			productName = "iPhone X适配Demo";
			productReference = 05F27BCB1FAAB9D100A47FE6 /* iPhone X适配Demo.app */;
			productType = "com.apple.product-type.application";
		};
		05F27BE21FAAB9D200A47FE6 /* iPhone X适配DemoTests */ = {
			isa = PBXNativeTarget;
			buildConfigurationList = 05F27BFA1FAAB9D200A47FE6 /* Build configuration list for PBXNativeTarget "iPhone X适配DemoTests" */;
			buildPhases = (
				05F27BDF1FAAB9D200A47FE6 /* Sources */,
				05F27BE01FAAB9D200A47FE6 /* Frameworks */,
				05F27BE11FAAB9D200A47FE6 /* Resources */,
			);
			buildRules = (
			);
			dependencies = (
				05F27BE51FAAB9D200A47FE6 /* PBXTargetDependency */,
			);
			name = "iPhone X适配DemoTests";
			productName = "iPhone X适配DemoTests";
			productReference = 05F27BE31FAAB9D200A47FE6 /* iPhone X适配DemoTests.xctest */;
			productType = "com.apple.product-type.bundle.unit-test";
		};
		05F27BED1FAAB9D200A47FE6 /* iPhone X适配DemoUITests */ = {
			isa = PBXNativeTarget;
			buildConfigurationList = 05F27BFD1FAAB9D200A47FE6 /* Build configuration list for PBXNativeTarget "iPhone X适配DemoUITests" */;
			buildPhases = (
				05F27BEA1FAAB9D200A47FE6 /* Sources */,
				05F27BEB1FAAB9D200A47FE6 /* Frameworks */,
				05F27BEC1FAAB9D200A47FE6 /* Resources */,
			);
			buildRules = (
			);
			dependencies = (
				05F27BF01FAAB9D200A47FE6 /* PBXTargetDependency */,
			);
			name = "iPhone X适配DemoUITests";
			productName = "iPhone X适配DemoUITests";
			productReference = 05F27BEE1FAAB9D200A47FE6 /* iPhone X适配DemoUITests.xctest */;
			productType = "com.apple.product-type.bundle.ui-testing";
		};
/* End PBXNativeTarget section */

/* Begin PBXProject section */
		05F27BC31FAAB9D100A47FE6 /* Project object */ = {
			isa = PBXProject;
			attributes = {
				LastUpgradeCheck = 0900;
				ORGANIZATIONNAME = yunfu;
				TargetAttributes = {
					05F27BCA1FAAB9D100A47FE6 = {
						CreatedOnToolsVersion = 9.0;
						ProvisioningStyle = Automatic;
					};
					05F27BE21FAAB9D200A47FE6 = {
						CreatedOnToolsVersion = 9.0;
						ProvisioningStyle = Automatic;
						TestTargetID = 05F27BCA1FAAB9D100A47FE6;
					};
					05F27BED1FAAB9D200A47FE6 = {
						CreatedOnToolsVersion = 9.0;
						ProvisioningStyle = Automatic;
						TestTargetID = 05F27BCA1FAAB9D100A47FE6;
					};
				};
			};
			buildConfigurationList = 05F27BC61FAAB9D100A47FE6 /* Build configuration list for PBXProject "iPhone X适配Demo" */;
			compatibilityVersion = "Xcode 8.0";
			developmentRegion = en;
			hasScannedForEncodings = 0;
			knownRegions = (
				en,
				Base,
			);
			mainGroup = 05F27BC21FAAB9D100A47FE6;
			productRefGroup = 05F27BCC1FAAB9D100A47FE6 /* Products */;
			projectDirPath = "";
			projectRoot = "";
			targets = (
				05F27BCA1FAAB9D100A47FE6 /* iPhone X适配Demo */,
				05F27BE21FAAB9D200A47FE6 /* iPhone X适配DemoTests */,
				05F27BED1FAAB9D200A47FE6 /* iPhone X适配DemoUITests */,
			);
		};
/* End PBXProject section */

/* Begin PBXResourcesBuildPhase section */
		05F27BC91FAAB9D100A47FE6 /* Resources */ = {
			isa = PBXResourcesBuildPhase;
			buildActionMask = 2147483647;
			files = (
				05F27BDB1FAAB9D200A47FE6 /* LaunchScreen.storyboard in Resources */,
				05F27BD81FAAB9D200A47FE6 /* Assets.xcassets in Resources */,
				05F27BD61FAAB9D200A47FE6 /* Main.storyboard in Resources */,
			);
			runOnlyForDeploymentPostprocessing = 0;
		};
		05F27BE11FAAB9D200A47FE6 /* Resources */ = {
			isa = PBXResourcesBuildPhase;
			buildActionMask = 2147483647;
			files = (
			);
			runOnlyForDeploymentPostprocessing = 0;
		};
		05F27BEC1FAAB9D200A47FE6 /* Resources */ = {
			isa = PBXResourcesBuildPhase;
			buildActionMask = 2147483647;
			files = (
			);
			runOnlyForDeploymentPostprocessing = 0;
		};
/* End PBXResourcesBuildPhase section */

/* Begin PBXSourcesBuildPhase section */
		05F27BC71FAAB9D100A47FE6 /* Sources */ = {
			isa = PBXSourcesBuildPhase;
			buildActionMask = 2147483647;
			files = (
				05F27BD31FAAB9D100A47FE6 /* ViewController.m in Sources */,
				05F27BDE1FAAB9D200A47FE6 /* main.m in Sources */,
				05F27BD01FAAB9D100A47FE6 /* AppDelegate.m in Sources */,
			);
			runOnlyForDeploymentPostprocessing = 0;
		};
		05F27BDF1FAAB9D200A47FE6 /* Sources */ = {
			isa = PBXSourcesBuildPhase;
			buildActionMask = 2147483647;
			files = (
				05F27BE81FAAB9D200A47FE6 /* iPhone_X__DemoTests.m in Sources */,
			);
			runOnlyForDeploymentPostprocessing = 0;
		};
		05F27BEA1FAAB9D200A47FE6 /* Sources */ = {
			isa = PBXSourcesBuildPhase;
			buildActionMask = 2147483647;
			files = (
				05F27BF31FAAB9D200A47FE6 /* iPhone_X__DemoUITests.m in Sources */,
			);
			runOnlyForDeploymentPostprocessing = 0;
		};
/* End PBXSourcesBuildPhase section */

/* Begin PBXTargetDependency section */
		05F27BE51FAAB9D200A47FE6 /* PBXTargetDependency */ = {
			isa = PBXTargetDependency;
			target = 05F27BCA1FAAB9D100A47FE6 /* iPhone X适配Demo */;
			targetProxy = 05F27BE41FAAB9D200A47FE6 /* PBXContainerItemProxy */;
		};
		05F27BF01FAAB9D200A47FE6 /* PBXTargetDependency */ = {
			isa = PBXTargetDependency;
			target = 05F27BCA1FAAB9D100A47FE6 /* iPhone X适配Demo */;
			targetProxy = 05F27BEF1FAAB9D200A47FE6 /* PBXContainerItemProxy */;
		};
/* End PBXTargetDependency section */

/* Begin PBXVariantGroup section */
		05F27BD41FAAB9D200A47FE6 /* Main.storyboard */ = {
			isa = PBXVariantGroup;
			children = (
				05F27BD51FAAB9D200A47FE6 /* Base */,
			);
			name = Main.storyboard;
			sourceTree = "<group>";
		};
		05F27BD91FAAB9D200A47FE6 /* LaunchScreen.storyboard */ = {
			isa = PBXVariantGroup;
			children = (
				05F27BDA1FAAB9D200A47FE6 /* Base */,
			);
			name = LaunchScreen.storyboard;
			sourceTree = "<group>";
		};
/* End PBXVariantGroup section */

/* Begin XCBuildConfiguration section */
		05F27BF51FAAB9D200A47FE6 /* Debug */ = {
			isa = XCBuildConfiguration;
			buildSettings = {
				ALWAYS_SEARCH_USER_PATHS = NO;
				CLANG_ANALYZER_NONNULL = YES;
				CLANG_ANALYZER_NUMBER_OBJECT_CONVERSION = YES_AGGRESSIVE;
				CLANG_CXX_LANGUAGE_STANDARD = "gnu++14";
				CLANG_CXX_LIBRARY = "libc++";
				CLANG_ENABLE_MODULES = YES;
				CLANG_ENABLE_OBJC_ARC = YES;
				CLANG_WARN_BLOCK_CAPTURE_AUTORELEASING = YES;
				CLANG_WARN_BOOL_CONVERSION = YES;
				CLANG_WARN_COMMA = YES;
				CLANG_WARN_CONSTANT_CONVERSION = YES;
				CLANG_WARN_DIRECT_OBJC_ISA_USAGE = YES_ERROR;
				CLANG_WARN_DOCUMENTATION_COMMENTS = YES;
				CLANG_WARN_EMPTY_BODY = YES;
				CLANG_WARN_ENUM_CONVERSION = YES;
				CLANG_WARN_INFINITE_RECURSION = YES;
				CLANG_WARN_INT_CONVERSION = YES;
				CLANG_WARN_NON_LITERAL_NULL_CONVERSION = YES;
				CLANG_WARN_OBJC_LITERAL_CONVERSION = YES;
				CLANG_WARN_OBJC_ROOT_CLASS = YES_ERROR;
				CLANG_WARN_RANGE_LOOP_ANALYSIS = YES;
				CLANG_WARN_STRICT_PROTOTYPES = YES;
				CLANG_WARN_SUSPICIOUS_MOVE = YES;
				CLANG_WARN_UNGUARDED_AVAILABILITY = YES_AGGRESSIVE;
				CLANG_WARN_UNREACHABLE_CODE = YES;
				CLANG_WARN__DUPLICATE_METHOD_MATCH = YES;
				CODE_SIGN_IDENTITY = "iPhone Developer";
				COPY_PHASE_STRIP = NO;
				DEBUG_INFORMATION_FORMAT = dwarf;
				ENABLE_STRICT_OBJC_MSGSEND = YES;
				ENABLE_TESTABILITY = YES;
				GCC_C_LANGUAGE_STANDARD = gnu11;
				GCC_DYNAMIC_NO_PIC = NO;
				GCC_NO_COMMON_BLOCKS = YES;
				GCC_OPTIMIZATION_LEVEL = 0;
				GCC_PREPROCESSOR_DEFINITIONS = (
					"DEBUG=1",
					"$(inherited)",
				);
				GCC_WARN_64_TO_32_BIT_CONVERSION = YES;
				GCC_WARN_ABOUT_RETURN_TYPE = YES_ERROR;
				GCC_WARN_UNDECLARED_SELECTOR = YES;
				GCC_WARN_UNINITIALIZED_AUTOS = YES_AGGRESSIVE;
				GCC_WARN_UNUSED_FUNCTION = YES;
				GCC_WARN_UNUSED_VARIABLE = YES;
				IPHONEOS_DEPLOYMENT_TARGET = 11.0;
				MTL_ENABLE_DEBUG_INFO = YES;
				ONLY_ACTIVE_ARCH = YES;
				SDKROOT = iphoneos;
			};
			name = Debug;
		};
		05F27BF61FAAB9D200A47FE6 /* Release */ = {
			isa = XCBuildConfiguration;
			buildSettings = {
				ALWAYS_SEARCH_USER_PATHS = NO;
				CLANG_ANALYZER_NONNULL = YES;
				CLANG_ANALYZER_NUMBER_OBJECT_CONVERSION = YES_AGGRESSIVE;
				CLANG_CXX_LANGUAGE_STANDARD = "gnu++14";
				CLANG_CXX_LIBRARY = "libc++";
				CLANG_ENABLE_MODULES = YES;
				CLANG_ENABLE_OBJC_ARC = YES;
				CLANG_WARN_BLOCK_CAPTURE_AUTORELEASING = YES;
				CLANG_WARN_BOOL_CONVERSION = YES;
				CLANG_WARN_COMMA = YES;
				CLANG_WARN_CONSTANT_CONVERSION = YES;
				CLANG_WARN_DIRECT_OBJC_ISA_USAGE = YES_ERROR;
				CLANG_WARN_DOCUMENTATION_COMMENTS = YES;
				CLANG_WARN_EMPTY_BODY = YES;
				CLANG_WARN_ENUM_CONVERSION = YES;
				CLANG_WARN_INFINITE_RECURSION = YES;
				CLANG_WARN_INT_CONVERSION = YES;
				CLANG_WARN_NON_LITERAL_NULL_CONVERSION = YES;
				CLANG_WARN_OBJC_LITERAL_CONVERSION = YES;
				CLANG_WARN_OBJC_ROOT_CLASS = YES_ERROR;
				CLANG_WARN_RANGE_LOOP_ANALYSIS = YES;
				CLANG_WARN_STRICT_PROTOTYPES = YES;
				CLANG_WARN_SUSPICIOUS_MOVE = YES;
				CLANG_WARN_UNGUARDED_AVAILABILITY = YES_AGGRESSIVE;
				CLANG_WARN_UNREACHABLE_CODE = YES;
				CLANG_WARN__DUPLICATE_METHOD_MATCH = YES;
				CODE_SIGN_IDENTITY = "iPhone Developer";
				COPY_PHASE_STRIP = NO;
				DEBUG_INFORMATION_FORMAT = "dwarf-with-dsym";
				ENABLE_NS_ASSERTIONS = NO;
				ENABLE_STRICT_OBJC_MSGSEND = YES;
				GCC_C_LANGUAGE_STANDARD = gnu11;
				GCC_NO_COMMON_BLOCKS = YES;
				GCC_WARN_64_TO_32_BIT_CONVERSION = YES;
				GCC_WARN_ABOUT_RETURN_TYPE = YES_ERROR;
				GCC_WARN_UNDECLARED_SELECTOR = YES;
				GCC_WARN_UNINITIALIZED_AUTOS = YES_AGGRESSIVE;
				GCC_WARN_UNUSED_FUNCTION = YES;
				GCC_WARN_UNUSED_VARIABLE = YES;
				IPHONEOS_DEPLOYMENT_TARGET = 11.0;
				MTL_ENABLE_DEBUG_INFO = NO;
				SDKROOT = iphoneos;
				VALIDATE_PRODUCT = YES;
			};
			name = Release;
		};
		05F27BF81FAAB9D200A47FE6 /* Debug */ = {
			isa = XCBuildConfiguration;
			buildSettings = {
				ASSETCATALOG_COMPILER_APPICON_NAME = AppIcon;
				CODE_SIGN_STYLE = Automatic;
				INFOPLIST_FILE = "iPhone X适配Demo/Info.plist";
				LD_RUNPATH_SEARCH_PATHS = "$(inherited) @executable_path/Frameworks";
				PRODUCT_BUNDLE_IDENTIFIER = "com.yunfucloud.iPhone-X--Demo";
				PRODUCT_NAME = "$(TARGET_NAME)";
				TARGETED_DEVICE_FAMILY = "1,2";
			};
			name = Debug;
		};
		05F27BF91FAAB9D200A47FE6 /* Release */ = {
			isa = XCBuildConfiguration;
			buildSettings = {
				ASSETCATALOG_COMPILER_APPICON_NAME = AppIcon;
				CODE_SIGN_STYLE = Automatic;
				INFOPLIST_FILE = "iPhone X适配Demo/Info.plist";
				LD_RUNPATH_SEARCH_PATHS = "$(inherited) @executable_path/Frameworks";
				PRODUCT_BUNDLE_IDENTIFIER = "com.yunfucloud.iPhone-X--Demo";
				PRODUCT_NAME = "$(TARGET_NAME)";
				TARGETED_DEVICE_FAMILY = "1,2";
			};
			name = Release;
		};
		05F27BFB1FAAB9D200A47FE6 /* Debug */ = {
			isa = XCBuildConfiguration;
			buildSettings = {
				BUNDLE_LOADER = "$(TEST_HOST)";
				CODE_SIGN_STYLE = Automatic;
				INFOPLIST_FILE = "iPhone X适配DemoTests/Info.plist";
				LD_RUNPATH_SEARCH_PATHS = "$(inherited) @executable_path/Frameworks @loader_path/Frameworks";
				PRODUCT_BUNDLE_IDENTIFIER = "com.yunfucloud.iPhone-X--DemoTests";
				PRODUCT_NAME = "$(TARGET_NAME)";
				TARGETED_DEVICE_FAMILY = "1,2";
				TEST_HOST = "$(BUILT_PRODUCTS_DIR)/iPhone X适配Demo.app/iPhone X适配Demo";
			};
			name = Debug;
		};
		05F27BFC1FAAB9D200A47FE6 /* Release */ = {
			isa = XCBuildConfiguration;
			buildSettings = {
				BUNDLE_LOADER = "$(TEST_HOST)";
				CODE_SIGN_STYLE = Automatic;
				INFOPLIST_FILE = "iPhone X适配DemoTests/Info.plist";
				LD_RUNPATH_SEARCH_PATHS = "$(inherited) @executable_path/Frameworks @loader_path/Frameworks";
				PRODUCT_BUNDLE_IDENTIFIER = "com.yunfucloud.iPhone-X--DemoTests";
				PRODUCT_NAME = "$(TARGET_NAME)";
				TARGETED_DEVICE_FAMILY = "1,2";
				TEST_HOST = "$(BUILT_PRODUCTS_DIR)/iPhone X适配Demo.app/iPhone X适配Demo";
			};
			name = Release;
		};
		05F27BFE1FAAB9D200A47FE6 /* Debug */ = {
			isa = XCBuildConfiguration;
			buildSettings = {
				CODE_SIGN_STYLE = Automatic;
				INFOPLIST_FILE = "iPhone X适配DemoUITests/Info.plist";
				LD_RUNPATH_SEARCH_PATHS = "$(inherited) @executable_path/Frameworks @loader_path/Frameworks";
				PRODUCT_BUNDLE_IDENTIFIER = "com.yunfucloud.iPhone-X--DemoUITests";
				PRODUCT_NAME = "$(TARGET_NAME)";
				TARGETED_DEVICE_FAMILY = "1,2";
				TEST_TARGET_NAME = "iPhone X适配Demo";
			};
			name = Debug;
		};
		05F27BFF1FAAB9D200A47FE6 /* Release */ = {
			isa = XCBuildConfiguration;
			buildSettings = {
				CODE_SIGN_STYLE = Automatic;
				INFOPLIST_FILE = "iPhone X适配DemoUITests/Info.plist";
				LD_RUNPATH_SEARCH_PATHS = "$(inherited) @executable_path/Frameworks @loader_path/Frameworks";
				PRODUCT_BUNDLE_IDENTIFIER = "com.yunfucloud.iPhone-X--DemoUITests";
				PRODUCT_NAME = "$(TARGET_NAME)";
				TARGETED_DEVICE_FAMILY = "1,2";
				TEST_TARGET_NAME = "iPhone X适配Demo";
			};
			name = Release;
		};
/* End XCBuildConfiguration section */

/* Begin XCConfigurationList section */
		05F27BC61FAAB9D100A47FE6 /* Build configuration list for PBXProject "iPhone X适配Demo" */ = {
			isa = XCConfigurationList;
			buildConfigurations = (
				05F27BF51FAAB9D200A47FE6 /* Debug */,
				05F27BF61FAAB9D200A47FE6 /* Release */,
			);
			defaultConfigurationIsVisible = 0;
			defaultConfigurationName = Release;
		};
		05F27BF71FAAB9D200A47FE6 /* Build configuration list for PBXNativeTarget "iPhone X适配Demo" */ = {
			isa = XCConfigurationList;
			buildConfigurations = (
				05F27BF81FAAB9D200A47FE6 /* Debug */,
				05F27BF91FAAB9D200A47FE6 /* Release */,
			);
			defaultConfigurationIsVisible = 0;
			defaultConfigurationName = Release;
		};
		05F27BFA1FAAB9D200A47FE6 /* Build configuration list for PBXNativeTarget "iPhone X适配DemoTests" */ = {
			isa = XCConfigurationList;
			buildConfigurations = (
				05F27BFB1FAAB9D200A47FE6 /* Debug */,
				05F27BFC1FAAB9D200A47FE6 /* Release */,
			);
			defaultConfigurationIsVisible = 0;
			defaultConfigurationName = Release;
		};
		05F27BFD1FAAB9D200A47FE6 /* Build configuration list for PBXNativeTarget "iPhone X适配DemoUITests" */ = {
			isa = XCConfigurationList;
			buildConfigurations = (
				05F27BFE1FAAB9D200A47FE6 /* Debug */,
				05F27BFF1FAAB9D200A47FE6 /* Release */,
			);
			defaultConfigurationIsVisible = 0;
			defaultConfigurationName = Release;
		};
/* End XCConfigurationList section */
	};
	rootObject = 05F27BC31FAAB9D100A47FE6 /* Project object */;
}
